
Microsoft Visual Studio Solution File, Format Version 12.00
# Visual Studio Version 16
VisualStudioVersion = 16.0.30320.27
MinimumVisualStudioVersion = 15.0.26124.0
Project("{9A19103F-16F7-4668-BE54-9A1E7A4F7556}") = "Solution", "Solution\Solution.csproj", "{D715C870-23A5-4EDC-AED9-226E747EE673}"
EndProject
Project("{9A19103F-16F7-4668-BE54-9A1E7A4F7556}") = "SolutionTest", "SolutionTest\SolutionTest.csproj", "{536DB5B2-1E26-4381-B7B6-0B8BE2DD4E68}"
EndProject
Global
	GlobalSection(SolutionConfigurationPlatforms) = preSolution
		Debug|Any CPU = Debug|Any CPU
		Debug|x64 = Debug|x64
		Debug|x86 = Debug|x86
		Release|Any CPU = Release|Any CPU
		Release|x64 = Release|x64
		Release|x86 = Release|x86
	EndGlobalSection
	GlobalSection(ProjectConfigurationPlatforms) = postSolution
		{D715C870-23A5-4EDC-AED9-226E747EE673}.Debug|Any CPU.ActiveCfg = Debug|Any CPU
		{D715C870-23A5-4EDC-AED9-226E747EE673}.Debug|Any CPU.Build.0 = Debug|Any CPU
		{D715C870-23A5-4EDC-AED9-226E747EE673}.Debug|x64.ActiveCfg = Debug|Any CPU
		{D715C870-23A5-4EDC-AED9-226E747EE673}.Debug|x64.Build.0 = Debug|Any CPU
		{D715C870-23A5-4EDC-AED9-226E747EE673}.Debug|x86.ActiveCfg = Debug|Any CPU
		{D715C870-23A5-4EDC-AED9-226E747EE673}.Debug|x86.Build.0 = Debug|Any CPU
		{D715C870-23A5-4EDC-AED9-226E747EE673}.Release|Any CPU.ActiveCfg = Release|Any CPU
		{D715C870-23A5-4EDC-AED9-226E747EE673}.Release|Any CPU.Build.0 = Release|Any CPU
		{D715C870-23A5-4EDC-AED9-226E747EE673}.Release|x64.ActiveCfg = Release|Any CPU
		{D715C870-23A5-4EDC-AED9-226E747EE673}.Release|x64.Build.0 = Release|Any CPU
		{D715C870-23A5-4EDC-AED9-226E747EE673}.Release|x86.ActiveCfg = Release|Any CPU
		{D715C870-23A5-4EDC-AED9-226E747EE673}.Release|x86.Build.0 = Release|Any CPU
		{536DB5B2-1E26-4381-B7B6-0B8BE2DD4E68}.Debug|Any CPU.ActiveCfg = Debug|Any CPU
		{536DB5B2-1E26-4381-B7B6-0B8BE2DD4E68}.Debug|Any CPU.Build.0 = Debug|Any CPU
		{536DB5B2-1E26-4381-B7B6-0B8BE2DD4E68}.Debug|x64.ActiveCfg = Debug|Any CPU
		{536DB5B2-1E26-4381-B7B6-0B8BE2DD4E68}.Debug|x64.Build.0 = Debug|Any CPU
		{536DB5B2-1E26-4381-B7B6-0B8BE2DD4E68}.Debug|x86.ActiveCfg = Debug|Any CPU
		{536DB5B2-1E26-4381-B7B6-0B8BE2DD4E68}.Debug|x86.Build.0 = Debug|Any CPU
		{536DB5B2-1E26-4381-B7B6-0B8BE2DD4E68}.Release|Any CPU.ActiveCfg = Release|Any CPU
		{536DB5B2-1E26-4381-B7B6-0B8BE2DD4E68}.Release|Any CPU.Build.0 = Release|Any CPU
		{536DB5B2-1E26-4381-B7B6-0B8BE2DD4E68}.Release|x64.ActiveCfg = Release|Any CPU
		{536DB5B2-1E26-4381-B7B6-0B8BE2DD4E68}.Release|x64.Build.0 = Release|Any CPU
		{536DB5B2-1E26-4381-B7B6-0B8BE2DD4E68}.Release|x86.ActiveCfg = Release|Any CPU
		{536DB5B2-1E26-4381-B7B6-0B8BE2DD4E68}.Release|x86.Build.0 = Release|Any CPU
	EndGlobalSection
	GlobalSection(SolutionProperties) = preSolution
		HideSolutionNode = FALSE
	EndGlobalSection
	GlobalSection(ExtensibilityGlobals) = postSolution
		SolutionGuid = {EBC9F83E-49E4-4AA1-86EB-7F644D579263}
	EndGlobalSection
EndGlobal
